<?xml version="1.0" encoding="utf-8"?>
<Project ToolsVersion="16.0" xmlns="http://schemas.microsoft.com/developer/msbuild/2003">
  <ItemGroup>
    <CustomBuild Include="C:\Users\Kavian\Documents\Vsc_GTest\build-vscode\CMakeFiles\4f994cba4a6b7b97efae6d40f9361ee5\RUN_TESTS_force.rule">
      <Filter>CMake Rules</Filter>
    </CustomBuild>
  </ItemGroup>
  <ItemGroup>
    <Filter Include="CMake Rules">
      <UniqueIdentifier>{70B27FC0-5EEA-3AF5-BC13-A6F33F66539A}</UniqueIdentifier>
    </Filter>
  </ItemGroup>
</Project>
